
Microsoft Visual Studio Solution File, Format Version 12.00
# Visual Studio Version 17
VisualStudioVersion = 17.5.002.0
MinimumVisualStudioVersion = 10.0.40219.1
Project("{2150E333-8FDC-42A3-9474-1A3956D46DE8}") = "Tipos de Operadores em C#", "Tipos de Operadores em C#", "{9A320EB9-57F7-4824-A9E3-0880B7FAD634}"
EndProject
Project("{9A19103F-16F7-4668-BE54-9A1E7A4F7556}") = "ExemploFundamentos", "Tipos de Operadores em C#\ExemploFundamentos\ExemploFundamentos.csproj", "{296C5A75-EE9C-4194-8BEA-25E528DCFF40}"
EndProject
Global
	GlobalSection(SolutionConfigurationPlatforms) = preSolution
		Debug|Any CPU = Debug|Any CPU
		Release|Any CPU = Release|Any CPU
	EndGlobalSection
	GlobalSection(ProjectConfigurationPlatforms) = postSolution
		{296C5A75-EE9C-4194-8BEA-25E528DCFF40}.Debug|Any CPU.ActiveCfg = Debug|Any CPU
		{296C5A75-EE9C-4194-8BEA-25E528DCFF40}.Debug|Any CPU.Build.0 = Debug|Any CPU
		{296C5A75-EE9C-4194-8BEA-25E528DCFF40}.Release|Any CPU.ActiveCfg = Release|Any CPU
		{296C5A75-EE9C-4194-8BEA-25E528DCFF40}.Release|Any CPU.Build.0 = Release|Any CPU
	EndGlobalSection
	GlobalSection(SolutionProperties) = preSolution
		HideSolutionNode = FALSE
	EndGlobalSection
	GlobalSection(NestedProjects) = preSolution
		{296C5A75-EE9C-4194-8BEA-25E528DCFF40} = {9A320EB9-57F7-4824-A9E3-0880B7FAD634}
	EndGlobalSection
	GlobalSection(ExtensibilityGlobals) = postSolution
		SolutionGuid = {2BF473BF-F2E3-4A8C-BC8C-1401BAD2C938}
	EndGlobalSection
EndGlobal
